
Microsoft Visual Studio Solution File, Format Version 12.00
# Visual Studio Version 17
VisualStudioVersion = 17.7.34024.191
MinimumVisualStudioVersion = 10.0.40219.1
Project("{FAE04EC0-301F-11D3-BF4B-00C04F79EFBC}") = "Calci", "Calci\Calci.csproj", "{9BD26A1F-48F7-479C-A3CB-8535D6E473E8}"
EndProject
Global
	GlobalSection(SolutionConfigurationPlatforms) = preSolution
		Debug|Any CPU = Debug|Any CPU
		Release|Any CPU = Release|Any CPU
	EndGlobalSection
	GlobalSection(ProjectConfigurationPlatforms) = postSolution
		{9BD26A1F-48F7-479C-A3CB-8535D6E473E8}.Debug|Any CPU.ActiveCfg = Debug|Any CPU
		{9BD26A1F-48F7-479C-A3CB-8535D6E473E8}.Debug|Any CPU.Build.0 = Debug|Any CPU
		{9BD26A1F-48F7-479C-A3CB-8535D6E473E8}.Release|Any CPU.ActiveCfg = Release|Any CPU
		{9BD26A1F-48F7-479C-A3CB-8535D6E473E8}.Release|Any CPU.Build.0 = Release|Any CPU
	EndGlobalSection
	GlobalSection(SolutionProperties) = preSolution
		HideSolutionNode = FALSE
	EndGlobalSection
	GlobalSection(ExtensibilityGlobals) = postSolution
		SolutionGuid = {38232708-6AC6-4205-AC31-F553B409B562}
	EndGlobalSection
EndGlobal
